
Microsoft Visual Studio Solution File, Format Version 12.00
# Visual Studio Version 17
VisualStudioVersion = 17.8.34511.84
MinimumVisualStudioVersion = 10.0.40219.1
Project("{FAE04EC0-301F-11D3-BF4B-00C04F79EFBC}") = "veritabanibaglanti", "veritabanibaglanti\veritabanibaglanti.csproj", "{ADB3365B-0B77-48FE-A643-6CD07F29E648}"
EndProject
Global
	GlobalSection(SolutionConfigurationPlatforms) = preSolution
		Debug|Any CPU = Debug|Any CPU
		Release|Any CPU = Release|Any CPU
	EndGlobalSection
	GlobalSection(ProjectConfigurationPlatforms) = postSolution
		{ADB3365B-0B77-48FE-A643-6CD07F29E648}.Debug|Any CPU.ActiveCfg = Debug|Any CPU
		{ADB3365B-0B77-48FE-A643-6CD07F29E648}.Debug|Any CPU.Build.0 = Debug|Any CPU
		{ADB3365B-0B77-48FE-A643-6CD07F29E648}.Release|Any CPU.ActiveCfg = Release|Any CPU
		{ADB3365B-0B77-48FE-A643-6CD07F29E648}.Release|Any CPU.Build.0 = Release|Any CPU
	EndGlobalSection
	GlobalSection(SolutionProperties) = preSolution
		HideSolutionNode = FALSE
	EndGlobalSection
	GlobalSection(ExtensibilityGlobals) = postSolution
		SolutionGuid = {7C591B29-4EF3-42C3-AD32-9C90839E842B}
	EndGlobalSection
EndGlobal
